
Microsoft Visual Studio Solution File, Format Version 12.00
# Visual Studio Version 17
VisualStudioVersion = 17.4.33205.214
MinimumVisualStudioVersion = 10.0.40219.1
Project("{2150E333-8FDC-42A3-9474-1A3956D46DE8}") = "TransactionService", "TransactionService", "{C294E2B1-6069-4D0A-BAA9-A5876A80C5B8}"
EndProject
Project("{9A19103F-16F7-4668-BE54-9A1E7A4F7556}") = "TransactionService.Domain", "TransactionService\TransactionService.Domain\TransactionService.Domain.csproj", "{822771BA-F90C-4577-9740-E4829CBFA57E}"
EndProject
Project("{9A19103F-16F7-4668-BE54-9A1E7A4F7556}") = "TransactionService.API", "TransactionService\TransactionService.API\TransactionService.API.csproj", "{C71041D9-7F39-4E4F-B9DB-D3A8590EEE99}"
EndProject
Project("{2150E333-8FDC-42A3-9474-1A3956D46DE8}") = "UserService", "UserService", "{5A18C13F-ED08-4100-B654-5750ED439D00}"
EndProject
Project("{9A19103F-16F7-4668-BE54-9A1E7A4F7556}") = "UserService.Domain", "UserService\UserService.Domain\UserService.Domain.csproj", "{29EB1341-025F-476A-81B2-E890011A2E4F}"
EndProject
Project("{9A19103F-16F7-4668-BE54-9A1E7A4F7556}") = "UserService.API", "UserService\UserService.API\UserService.API.csproj", "{2085DA04-B5DA-4506-A28C-49AC789AD8F7}"
EndProject
Project("{2150E333-8FDC-42A3-9474-1A3956D46DE8}") = "CategoryService", "CategoryService", "{BE304E88-6CBA-483F-BEA4-933292432D38}"
EndProject
Project("{9A19103F-16F7-4668-BE54-9A1E7A4F7556}") = "CategoryService.Domain", "CategoryService\CategoryService.Domain\CategoryService.Domain.csproj", "{0B8D76B0-6F8E-42A4-9D5C-3A35AFD86167}"
EndProject
Project("{2150E333-8FDC-42A3-9474-1A3956D46DE8}") = "Common", "Common", "{8B87BFD7-A295-440D-87D1-1CFAB3719782}"
EndProject
Project("{9A19103F-16F7-4668-BE54-9A1E7A4F7556}") = "Common.Domain", "Common\Common.Domain\Common.Domain.csproj", "{84D36572-9DDC-45FE-9121-DF81AF645054}"
EndProject
Project("{9A19103F-16F7-4668-BE54-9A1E7A4F7556}") = "CategoryService.Database", "CategoryService\CategoryService.Database\CategoryService.Database.csproj", "{F476BD78-1C17-4110-AE55-0C7C4746805B}"
EndProject
Project("{9A19103F-16F7-4668-BE54-9A1E7A4F7556}") = "TransactionService.Database", "TransactionService\TransactionService.Database\TransactionService.Database.csproj", "{6964D8CB-D69A-4649-A9D5-BF5A65C9BA57}"
EndProject
Project("{9A19103F-16F7-4668-BE54-9A1E7A4F7556}") = "UserService.Database", "UserService\UserService.Database\UserService.Database.csproj", "{30EC0478-512E-4868-9497-4F7090C03933}"
EndProject
Project("{9A19103F-16F7-4668-BE54-9A1E7A4F7556}") = "CategoryService.API", "CategoryService\CategoryService.API\CategoryService.API.csproj", "{7B7CF3CE-6902-4B13-8343-5B6F96511FCB}"
EndProject
Project("{2150E333-8FDC-42A3-9474-1A3956D46DE8}") = "AccountService", "AccountService", "{707EE064-9536-4527-B775-3AFA07B3DDF4}"
EndProject
Project("{FAE04EC0-301F-11D3-BF4B-00C04F79EFBC}") = "AccountService.Domain", "AccountService\AccountService.Domain\AccountService.Domain.csproj", "{84FE00A0-AC0E-4FA8-BB38-420C6AF101DD}"
EndProject
Project("{FAE04EC0-301F-11D3-BF4B-00C04F79EFBC}") = "AccountService.Database", "AccountService\AccountService.Database\AccountService.Database.csproj", "{9DFD66F7-3C9B-404B-8E6D-2D711F230D39}"
EndProject
Project("{FAE04EC0-301F-11D3-BF4B-00C04F79EFBC}") = "AccountService.API", "AccountService\AccountService.API\AccountService.API.csproj", "{AD444F81-A0E4-4184-AC11-9AD68BC48F94}"
EndProject
Project("{FAE04EC0-301F-11D3-BF4B-00C04F79EFBC}") = "AccountService.Client", "AccountService\AccountService.Client\AccountService.Client\AccountService.Client.csproj", "{FCDE2B53-21C1-4AD7-B281-C5DB393B4239}"
EndProject
Global
	GlobalSection(SolutionConfigurationPlatforms) = preSolution
		Debug|Any CPU = Debug|Any CPU
		Release|Any CPU = Release|Any CPU
	EndGlobalSection
	GlobalSection(ProjectConfigurationPlatforms) = postSolution
		{822771BA-F90C-4577-9740-E4829CBFA57E}.Debug|Any CPU.ActiveCfg = Debug|Any CPU
		{822771BA-F90C-4577-9740-E4829CBFA57E}.Debug|Any CPU.Build.0 = Debug|Any CPU
		{822771BA-F90C-4577-9740-E4829CBFA57E}.Release|Any CPU.ActiveCfg = Release|Any CPU
		{822771BA-F90C-4577-9740-E4829CBFA57E}.Release|Any CPU.Build.0 = Release|Any CPU
		{C71041D9-7F39-4E4F-B9DB-D3A8590EEE99}.Debug|Any CPU.ActiveCfg = Debug|Any CPU
		{C71041D9-7F39-4E4F-B9DB-D3A8590EEE99}.Debug|Any CPU.Build.0 = Debug|Any CPU
		{C71041D9-7F39-4E4F-B9DB-D3A8590EEE99}.Release|Any CPU.ActiveCfg = Release|Any CPU
		{C71041D9-7F39-4E4F-B9DB-D3A8590EEE99}.Release|Any CPU.Build.0 = Release|Any CPU
		{29EB1341-025F-476A-81B2-E890011A2E4F}.Debug|Any CPU.ActiveCfg = Debug|Any CPU
		{29EB1341-025F-476A-81B2-E890011A2E4F}.Debug|Any CPU.Build.0 = Debug|Any CPU
		{29EB1341-025F-476A-81B2-E890011A2E4F}.Release|Any CPU.ActiveCfg = Release|Any CPU
		{29EB1341-025F-476A-81B2-E890011A2E4F}.Release|Any CPU.Build.0 = Release|Any CPU
		{2085DA04-B5DA-4506-A28C-49AC789AD8F7}.Debug|Any CPU.ActiveCfg = Debug|Any CPU
		{2085DA04-B5DA-4506-A28C-49AC789AD8F7}.Debug|Any CPU.Build.0 = Debug|Any CPU
		{2085DA04-B5DA-4506-A28C-49AC789AD8F7}.Release|Any CPU.ActiveCfg = Release|Any CPU
		{2085DA04-B5DA-4506-A28C-49AC789AD8F7}.Release|Any CPU.Build.0 = Release|Any CPU
		{0B8D76B0-6F8E-42A4-9D5C-3A35AFD86167}.Debug|Any CPU.ActiveCfg = Debug|Any CPU
		{0B8D76B0-6F8E-42A4-9D5C-3A35AFD86167}.Debug|Any CPU.Build.0 = Debug|Any CPU
		{0B8D76B0-6F8E-42A4-9D5C-3A35AFD86167}.Release|Any CPU.ActiveCfg = Release|Any CPU
		{0B8D76B0-6F8E-42A4-9D5C-3A35AFD86167}.Release|Any CPU.Build.0 = Release|Any CPU
		{84D36572-9DDC-45FE-9121-DF81AF645054}.Debug|Any CPU.ActiveCfg = Debug|Any CPU
		{84D36572-9DDC-45FE-9121-DF81AF645054}.Debug|Any CPU.Build.0 = Debug|Any CPU
		{84D36572-9DDC-45FE-9121-DF81AF645054}.Release|Any CPU.ActiveCfg = Release|Any CPU
		{84D36572-9DDC-45FE-9121-DF81AF645054}.Release|Any CPU.Build.0 = Release|Any CPU
		{F476BD78-1C17-4110-AE55-0C7C4746805B}.Debug|Any CPU.ActiveCfg = Debug|Any CPU
		{F476BD78-1C17-4110-AE55-0C7C4746805B}.Debug|Any CPU.Build.0 = Debug|Any CPU
		{F476BD78-1C17-4110-AE55-0C7C4746805B}.Release|Any CPU.ActiveCfg = Release|Any CPU
		{F476BD78-1C17-4110-AE55-0C7C4746805B}.Release|Any CPU.Build.0 = Release|Any CPU
		{6964D8CB-D69A-4649-A9D5-BF5A65C9BA57}.Debug|Any CPU.ActiveCfg = Debug|Any CPU
		{6964D8CB-D69A-4649-A9D5-BF5A65C9BA57}.Debug|Any CPU.Build.0 = Debug|Any CPU
		{6964D8CB-D69A-4649-A9D5-BF5A65C9BA57}.Release|Any CPU.ActiveCfg = Release|Any CPU
		{6964D8CB-D69A-4649-A9D5-BF5A65C9BA57}.Release|Any CPU.Build.0 = Release|Any CPU
		{30EC0478-512E-4868-9497-4F7090C03933}.Debug|Any CPU.ActiveCfg = Debug|Any CPU
		{30EC0478-512E-4868-9497-4F7090C03933}.Debug|Any CPU.Build.0 = Debug|Any CPU
		{30EC0478-512E-4868-9497-4F7090C03933}.Release|Any CPU.ActiveCfg = Release|Any CPU
		{30EC0478-512E-4868-9497-4F7090C03933}.Release|Any CPU.Build.0 = Release|Any CPU
		{7B7CF3CE-6902-4B13-8343-5B6F96511FCB}.Debug|Any CPU.ActiveCfg = Debug|Any CPU
		{7B7CF3CE-6902-4B13-8343-5B6F96511FCB}.Debug|Any CPU.Build.0 = Debug|Any CPU
		{7B7CF3CE-6902-4B13-8343-5B6F96511FCB}.Release|Any CPU.ActiveCfg = Release|Any CPU
		{7B7CF3CE-6902-4B13-8343-5B6F96511FCB}.Release|Any CPU.Build.0 = Release|Any CPU
		{84FE00A0-AC0E-4FA8-BB38-420C6AF101DD}.Debug|Any CPU.ActiveCfg = Debug|Any CPU
		{84FE00A0-AC0E-4FA8-BB38-420C6AF101DD}.Debug|Any CPU.Build.0 = Debug|Any CPU
		{84FE00A0-AC0E-4FA8-BB38-420C6AF101DD}.Release|Any CPU.ActiveCfg = Release|Any CPU
		{84FE00A0-AC0E-4FA8-BB38-420C6AF101DD}.Release|Any CPU.Build.0 = Release|Any CPU
		{9DFD66F7-3C9B-404B-8E6D-2D711F230D39}.Debug|Any CPU.ActiveCfg = Debug|Any CPU
		{9DFD66F7-3C9B-404B-8E6D-2D711F230D39}.Debug|Any CPU.Build.0 = Debug|Any CPU
		{9DFD66F7-3C9B-404B-8E6D-2D711F230D39}.Release|Any CPU.ActiveCfg = Release|Any CPU
		{9DFD66F7-3C9B-404B-8E6D-2D711F230D39}.Release|Any CPU.Build.0 = Release|Any CPU
		{AD444F81-A0E4-4184-AC11-9AD68BC48F94}.Debug|Any CPU.ActiveCfg = Debug|Any CPU
		{AD444F81-A0E4-4184-AC11-9AD68BC48F94}.Debug|Any CPU.Build.0 = Debug|Any CPU
		{AD444F81-A0E4-4184-AC11-9AD68BC48F94}.Release|Any CPU.ActiveCfg = Release|Any CPU
		{AD444F81-A0E4-4184-AC11-9AD68BC48F94}.Release|Any CPU.Build.0 = Release|Any CPU
		{FCDE2B53-21C1-4AD7-B281-C5DB393B4239}.Debug|Any CPU.ActiveCfg = Debug|Any CPU
		{FCDE2B53-21C1-4AD7-B281-C5DB393B4239}.Debug|Any CPU.Build.0 = Debug|Any CPU
		{FCDE2B53-21C1-4AD7-B281-C5DB393B4239}.Release|Any CPU.ActiveCfg = Release|Any CPU
		{FCDE2B53-21C1-4AD7-B281-C5DB393B4239}.Release|Any CPU.Build.0 = Release|Any CPU
	EndGlobalSection
	GlobalSection(SolutionProperties) = preSolution
		HideSolutionNode = FALSE
	EndGlobalSection
	GlobalSection(NestedProjects) = preSolution
		{822771BA-F90C-4577-9740-E4829CBFA57E} = {C294E2B1-6069-4D0A-BAA9-A5876A80C5B8}
		{C71041D9-7F39-4E4F-B9DB-D3A8590EEE99} = {C294E2B1-6069-4D0A-BAA9-A5876A80C5B8}
		{29EB1341-025F-476A-81B2-E890011A2E4F} = {5A18C13F-ED08-4100-B654-5750ED439D00}
		{2085DA04-B5DA-4506-A28C-49AC789AD8F7} = {5A18C13F-ED08-4100-B654-5750ED439D00}
		{0B8D76B0-6F8E-42A4-9D5C-3A35AFD86167} = {BE304E88-6CBA-483F-BEA4-933292432D38}
		{84D36572-9DDC-45FE-9121-DF81AF645054} = {8B87BFD7-A295-440D-87D1-1CFAB3719782}
		{F476BD78-1C17-4110-AE55-0C7C4746805B} = {BE304E88-6CBA-483F-BEA4-933292432D38}
		{6964D8CB-D69A-4649-A9D5-BF5A65C9BA57} = {C294E2B1-6069-4D0A-BAA9-A5876A80C5B8}
		{30EC0478-512E-4868-9497-4F7090C03933} = {5A18C13F-ED08-4100-B654-5750ED439D00}
		{7B7CF3CE-6902-4B13-8343-5B6F96511FCB} = {BE304E88-6CBA-483F-BEA4-933292432D38}
		{84FE00A0-AC0E-4FA8-BB38-420C6AF101DD} = {707EE064-9536-4527-B775-3AFA07B3DDF4}
		{9DFD66F7-3C9B-404B-8E6D-2D711F230D39} = {707EE064-9536-4527-B775-3AFA07B3DDF4}
		{AD444F81-A0E4-4184-AC11-9AD68BC48F94} = {707EE064-9536-4527-B775-3AFA07B3DDF4}
		{FCDE2B53-21C1-4AD7-B281-C5DB393B4239} = {707EE064-9536-4527-B775-3AFA07B3DDF4}
	EndGlobalSection
	GlobalSection(ExtensibilityGlobals) = postSolution
		SolutionGuid = {1B7295D3-DFE2-40E8-B559-42DDECD40711}
	EndGlobalSection
EndGlobal
